
Microsoft Visual Studio Solution File, Format Version 12.00
# Visual Studio 15
VisualStudioVersion = 15.0.27130.2036
MinimumVisualStudioVersion = 10.0.40219.1
Project("{FAE04EC0-301F-11D3-BF4B-00C04F79EFBC}") = "ThickHeap2", "ThickHeap2\ThickHeap2.csproj", "{EAF17C97-55A8-4BE1-B293-978A8871CB54}"
EndProject
Global
	GlobalSection(SolutionConfigurationPlatforms) = preSolution
		Debug|Any CPU = Debug|Any CPU
		Release|Any CPU = Release|Any CPU
	EndGlobalSection
	GlobalSection(ProjectConfigurationPlatforms) = postSolution
		{EAF17C97-55A8-4BE1-B293-978A8871CB54}.Debug|Any CPU.ActiveCfg = Debug|Any CPU
		{EAF17C97-55A8-4BE1-B293-978A8871CB54}.Debug|Any CPU.Build.0 = Debug|Any CPU
		{EAF17C97-55A8-4BE1-B293-978A8871CB54}.Release|Any CPU.ActiveCfg = Release|Any CPU
		{EAF17C97-55A8-4BE1-B293-978A8871CB54}.Release|Any CPU.Build.0 = Release|Any CPU
	EndGlobalSection
	GlobalSection(SolutionProperties) = preSolution
		HideSolutionNode = FALSE
	EndGlobalSection
	GlobalSection(ExtensibilityGlobals) = postSolution
		SolutionGuid = {3249D0D2-3561-4A7D-AE21-FF000DA549DC}
	EndGlobalSection
EndGlobal
